
Microsoft Visual Studio Solution File, Format Version 12.00
# Visual Studio Version 16
VisualStudioVersion = 16.0.29905.134
MinimumVisualStudioVersion = 10.0.40219.1
Project("{FAE04EC0-301F-11D3-BF4B-00C04F79EFBC}") = "teste", "teste\teste.csproj", "{66371445-94CC-4AC2-818C-B7B3DE177765}"
EndProject
Global
	GlobalSection(SolutionConfigurationPlatforms) = preSolution
		Debug|Any CPU = Debug|Any CPU
		Release|Any CPU = Release|Any CPU
	EndGlobalSection
	GlobalSection(ProjectConfigurationPlatforms) = postSolution
		{66371445-94CC-4AC2-818C-B7B3DE177765}.Debug|Any CPU.ActiveCfg = Debug|Any CPU
		{66371445-94CC-4AC2-818C-B7B3DE177765}.Debug|Any CPU.Build.0 = Debug|Any CPU
		{66371445-94CC-4AC2-818C-B7B3DE177765}.Release|Any CPU.ActiveCfg = Release|Any CPU
		{66371445-94CC-4AC2-818C-B7B3DE177765}.Release|Any CPU.Build.0 = Release|Any CPU
	EndGlobalSection
	GlobalSection(SolutionProperties) = preSolution
		HideSolutionNode = FALSE
	EndGlobalSection
	GlobalSection(ExtensibilityGlobals) = postSolution
		SolutionGuid = {BB34BB94-2B45-453F-B2DB-60E92B0C6CA0}
	EndGlobalSection
EndGlobal
